
Microsoft Visual Studio Solution File, Format Version 12.00
# Visual Studio Version 17
VisualStudioVersion = 17.6.33829.357
MinimumVisualStudioVersion = 10.0.40219.1
Project("{9A19103F-16F7-4668-BE54-9A1E7A4F7556}") = "Tests", "Tests\Tests.csproj", "{7358AB70-C696-4589-A511-E98224E3330C}"
EndProject
Project("{9A19103F-16F7-4668-BE54-9A1E7A4F7556}") = "ClassLibrary", "ClassLibrary\ClassLibrary.csproj", "{9CFF5A97-CEF0-4C59-83AB-914046AAB0EA}"
EndProject
Global
	GlobalSection(SolutionConfigurationPlatforms) = preSolution
		Debug|Any CPU = Debug|Any CPU
		Release|Any CPU = Release|Any CPU
	EndGlobalSection
	GlobalSection(ProjectConfigurationPlatforms) = postSolution
		{7358AB70-C696-4589-A511-E98224E3330C}.Debug|Any CPU.ActiveCfg = Debug|Any CPU
		{7358AB70-C696-4589-A511-E98224E3330C}.Debug|Any CPU.Build.0 = Debug|Any CPU
		{7358AB70-C696-4589-A511-E98224E3330C}.Release|Any CPU.ActiveCfg = Release|Any CPU
		{7358AB70-C696-4589-A511-E98224E3330C}.Release|Any CPU.Build.0 = Release|Any CPU
		{9CFF5A97-CEF0-4C59-83AB-914046AAB0EA}.Debug|Any CPU.ActiveCfg = Debug|Any CPU
		{9CFF5A97-CEF0-4C59-83AB-914046AAB0EA}.Debug|Any CPU.Build.0 = Debug|Any CPU
		{9CFF5A97-CEF0-4C59-83AB-914046AAB0EA}.Release|Any CPU.ActiveCfg = Release|Any CPU
		{9CFF5A97-CEF0-4C59-83AB-914046AAB0EA}.Release|Any CPU.Build.0 = Release|Any CPU
	EndGlobalSection
	GlobalSection(SolutionProperties) = preSolution
		HideSolutionNode = FALSE
	EndGlobalSection
	GlobalSection(ExtensibilityGlobals) = postSolution
		SolutionGuid = {FFBB8D71-D2D0-44BF-A196-8E90880261BD}
	EndGlobalSection
EndGlobal
